
Microsoft Visual Studio Solution File, Format Version 12.00
# Visual Studio Version 16
VisualStudioVersion = 16.0.34407.143
MinimumVisualStudioVersion = 10.0.40219.1
Project("{FAE04EC0-301F-11D3-BF4B-00C04F79EFBC}") = "TH03_WebBanHang", "TH03_WebBanHang\TH03_WebBanHang.csproj", "{C0EE8F72-7A0A-48BC-BA55-121391D51A65}"
EndProject
Global
	GlobalSection(SolutionConfigurationPlatforms) = preSolution
		Debug|Any CPU = Debug|Any CPU
		Release|Any CPU = Release|Any CPU
	EndGlobalSection
	GlobalSection(ProjectConfigurationPlatforms) = postSolution
		{C0EE8F72-7A0A-48BC-BA55-121391D51A65}.Debug|Any CPU.ActiveCfg = Debug|Any CPU
		{C0EE8F72-7A0A-48BC-BA55-121391D51A65}.Debug|Any CPU.Build.0 = Debug|Any CPU
		{C0EE8F72-7A0A-48BC-BA55-121391D51A65}.Release|Any CPU.ActiveCfg = Release|Any CPU
		{C0EE8F72-7A0A-48BC-BA55-121391D51A65}.Release|Any CPU.Build.0 = Release|Any CPU
	EndGlobalSection
	GlobalSection(SolutionProperties) = preSolution
		HideSolutionNode = FALSE
	EndGlobalSection
	GlobalSection(ExtensibilityGlobals) = postSolution
		SolutionGuid = {FFF6BF28-686F-43C0-9D12-621F46078B68}
	EndGlobalSection
EndGlobal
